PODS:
  - AFViewShaker (0.0.2)
  - Alamofire (3.4.0)
  - IQKeyboardManagerSwift (4.0.3)
  - MJRefresh (3.1.0)
  - SDWebImage (3.7.6):
    - SDWebImage/Core (= 3.7.6)
  - SDWebImage/Core (3.7.6)
  - SnapKit (0.21.0)
  - WKProgressHUD (1.2)

DEPENDENCIES:
  - AFViewShaker (~> 0.0.2)
  - Alamofire (~> 3.4)
  - IQKeyboardManagerSwift
  - MJRefresh
  - SDWebImage
  - SnapKit
  - WKProgressHUD

SPEC CHECKSUMS:
  AFViewShaker: 7e4bc215ca3e92347b78da436fca74e1730b52e8
  Alamofire: c19a627cefd6a95f840401c49ab1f124e07f54ee
  IQKeyboardManagerSwift: b6883b720b0e76473692fdc80828442566e1075f
  MJRefresh: 743e6404967d1c2c688472ea3ecfde247d872db4
  SDWebImage: c325cf02c30337336b95beff20a13df489ec0ec9
  SnapKit: 2756fe24b706367af224c9c508d2f9166d03354c
  WKProgressHUD: 3eeb66423a702bb8c43707f0627f673f12da475e

COCOAPODS: 0.39.0
